
Microsoft Visual Studio Solution File, Format Version 12.00
# Visual Studio Version 17
VisualStudioVersion = 17.14.36414.22
MinimumVisualStudioVersion = 10.0.40219.1
Project("{2150E333-8FDC-42A3-9474-1A3956D46DE8}") = "Task0", "Task0", "{02EA681E-C7D8-13C7-8484-4AC65E1B71E8}"
EndProject
Project("{FAE04EC0-301F-11D3-BF4B-00C04F79EFBC}") = "Tyuiu.VegerinaVV.Sprint0.Task0.V0", "Tyuiu.VegerinaVV.Sprint0.Task0.V0\Tyuiu.VegerinaVV.Sprint0.Task0.V0.csproj", "{04460E59-A0E2-4A09-B932-D74A0170423B}"
EndProject
Project("{2150E333-8FDC-42A3-9474-1A3956D46DE8}") = "Task1", "Task1", "{C5640AA1-D49F-4BBC-9EAA-2FAA3F7455C8}"
EndProject
Project("{FAE04EC0-301F-11D3-BF4B-00C04F79EFBC}") = "Tyuiu.VegerinaVV.Sprint0.Task1.V0", "Tyuiu.VegerinaVV.Sprint0.Task1.V0\Tyuiu.VegerinaVV.Sprint0.Task1.V0.csproj", "{1CE011ED-5D45-499D-A840-11257CCF8307}"
EndProject
Project("{2150E333-8FDC-42A3-9474-1A3956D46DE8}") = "Task2", "Task2", "{9B06E08F-426C-44D5-A261-D328F849255A}"
EndProject
Project("{FAE04EC0-301F-11D3-BF4B-00C04F79EFBC}") = "Tyuiu.VegerinaVV.Sprint0.Task2.V0", "Tyuiu.VegerinaVV.Sprint0.Task2.V0\Tyuiu.VegerinaVV.Sprint0.Task2.V0.csproj", "{720DCFEA-84C1-4E23-98D8-36459089F48E}"
EndProject
Project("{FAE04EC0-301F-11D3-BF4B-00C04F79EFBC}") = "Tyuiu.VegerinaVV.Sprint0.Task2.V0.Lib", "Tyuiu.VegerinaVV.Sprint0.Task2.V0.Lib\Tyuiu.VegerinaVV.Sprint0.Task2.V0.Lib.csproj", "{1D01F2C0-C94A-4DFA-823B-7CE910A94DBE}"
EndProject
Project("{FAE04EC0-301F-11D3-BF4B-00C04F79EFBC}") = "Tyuiu.VegerinaVV.Sprint0.Task2.V0.Test", "Tyuiu.VegerinaVV.Sprint0.Task2.V0.Test\Tyuiu.VegerinaVV.Sprint0.Task2.V0.Test.csproj", "{7DB2DC34-DFBA-4BF0-A972-C28D81F55F9B}"
EndProject
Project("{2150E333-8FDC-42A3-9474-1A3956D46DE8}") = "Task3", "Task3", "{2ECD2B5A-0603-40D3-B96E-D8EE93105689}"
EndProject
Project("{FAE04EC0-301F-11D3-BF4B-00C04F79EFBC}") = "Tyuiu.VegerinaVV.Sprint0.Task3.V0", "Tyuiu.VegerinaVV.Sprint0.Task3.V0\Tyuiu.VegerinaVV.Sprint0.Task3.V0.csproj", "{2B463A9A-DC72-46F1-A2D6-2801F1A3FA1F}"
EndProject
Project("{FAE04EC0-301F-11D3-BF4B-00C04F79EFBC}") = "Tyuiu.VegerinaVV.Sprint0.Task3.V0.Lib", "Tyuiu.VegerinaVV.Sprint0.Task3.V0.Lib\Tyuiu.VegerinaVV.Sprint0.Task3.V0.Lib.csproj", "{ECCB03B5-42FF-472F-B4DC-D23418125030}"
EndProject
Project("{FAE04EC0-301F-11D3-BF4B-00C04F79EFBC}") = "Tyuiu.VegerinaVV.Sprint0.Task3.V0.Test", "Tyuiu.VegerinaVV.Sprint0.Task3.V0.Test\Tyuiu.VegerinaVV.Sprint0.Task3.V0.Test.csproj", "{973703E8-6E76-4DA6-8EB1-8713D7A442A7}"
EndProject
Project("{2150E333-8FDC-42A3-9474-1A3956D46DE8}") = "Task4", "Task4", "{FE317CFA-1268-4091-853B-D6DCA618100D}"
EndProject
Project("{FAE04EC0-301F-11D3-BF4B-00C04F79EFBC}") = "Tyuiu.VegerinaVV.Sprint0.Task4.V0", "Tyuiu.VegerinaVV.Sprint0.Task4.V0\Tyuiu.VegerinaVV.Sprint0.Task4.V0.csproj", "{61D75C3A-854C-4C71-BC3C-5DDFA03E7D2F}"
EndProject
Project("{FAE04EC0-301F-11D3-BF4B-00C04F79EFBC}") = "Tyuiu.VegerinaVV.Sprint0.Task4.V0.Lib", "Tyuiu.VegerinaVV.Sprint0.Task4.V0.Lib\Tyuiu.VegerinaVV.Sprint0.Task4.V0.Lib.csproj", "{F6CBB54D-B94D-409E-91FB-800681B68444}"
EndProject
Project("{FAE04EC0-301F-11D3-BF4B-00C04F79EFBC}") = "Tyuiu.VegerinaVV.Sprint0.Task4.V0.Test", "Tyuiu.VegerinaVV.Sprint0.Task4.V0.Test\Tyuiu.VegerinaVV.Sprint0.Task4.V0.Test.csproj", "{04BA3214-E635-46C3-96AD-8EA0E492BB71}"
EndProject
Project("{2150E333-8FDC-42A3-9474-1A3956D46DE8}") = "Task5", "Task5", "{9733F7DD-55DA-41B0-8DC5-17B208FCC07B}"
EndProject
Project("{FAE04EC0-301F-11D3-BF4B-00C04F79EFBC}") = "Tyuiu.VegerinaVV.Sprint0.Task5.V0", "Tyuiu.VegerinaVV.Sprint0.Task5.V0\Tyuiu.VegerinaVV.Sprint0.Task5.V0.csproj", "{725103F0-DE5D-425D-827D-6D5CC1841D63}"
EndProject
Project("{FAE04EC0-301F-11D3-BF4B-00C04F79EFBC}") = "Tyuiu.VegerinaVV.Sprint0.Task5.V0.Lib", "Tyuiu.VegerinaVV.Sprint0.Task5.V0.Lib\Tyuiu.VegerinaVV.Sprint0.Task5.V0.Lib.csproj", "{3E76C337-9532-48C9-B2A4-E99AA2E68F5E}"
EndProject
Project("{FAE04EC0-301F-11D3-BF4B-00C04F79EFBC}") = "Tyuiu.VegerinaVV.Sprint0.Task5.V0.Test", "Tyuiu.VegerinaVV.Sprint0.Task5.V0.Test\Tyuiu.VegerinaVV.Sprint0.Task5.V0.Test.csproj", "{E107FAC8-6FB5-441B-8461-110267CFFF43}"
EndProject
Project("{2150E333-8FDC-42A3-9474-1A3956D46DE8}") = "Task6", "Task6", "{53420482-BC91-4593-9506-2980D34CEC71}"
EndProject
Project("{FAE04EC0-301F-11D3-BF4B-00C04F79EFBC}") = "Tyuiu.VegerinaVV.Sprint0.Task6.V0.Lib", "Tyuiu.VegerinaVV.Sprint0.Task6.V0.Lib\Tyuiu.VegerinaVV.Sprint0.Task6.V0.Lib.csproj", "{61726929-619C-49E6-9BD9-28B301C73BA3}"
EndProject
Project("{FAE04EC0-301F-11D3-BF4B-00C04F79EFBC}") = "Tyuiu.VegerinaVV.Sprint0.Task6.V0.Test", "Tyuiu.VegerinaVV.Sprint0.Task6.V0.Test\Tyuiu.VegerinaVV.Sprint0.Task6.V0.Test.csproj", "{0B322AA5-40E9-4FF2-B2B8-C075C0A736CF}"
EndProject
Project("{FAE04EC0-301F-11D3-BF4B-00C04F79EFBC}") = "Tyuiu.VegerinaVV.Sprint0.Task6.V0", "Tyuiu.VegerinaVV.Sprint0.Task6.V0\Tyuiu.VegerinaVV.Sprint0.Task6.V0.csproj", "{78CCA8D9-70FF-49CF-AA30-6580C9CA12D2}"
EndProject
Project("{2150E333-8FDC-42A3-9474-1A3956D46DE8}") = "Task7", "Task7", "{0C16B787-544A-4020-B129-421C8A3E5D71}"
EndProject
Project("{FAE04EC0-301F-11D3-BF4B-00C04F79EFBC}") = "Tyuiu.VegerinaVV.Sprint0.Task7.V0", "Tyuiu.VegerinaVV.Sprint0.Task7.V0\Tyuiu.VegerinaVV.Sprint0.Task7.V0.csproj", "{C2B867E6-5E47-4FD8-B134-AF4D97461CB3}"
EndProject
Project("{FAE04EC0-301F-11D3-BF4B-00C04F79EFBC}") = "Tyuiu.VegerinaVV.Sprint0.Task7.V0.Lib", "Tyuiu.VegerinaVV.Sprint0.Task7.V0.Lib\Tyuiu.VegerinaVV.Sprint0.Task7.V0.Lib.csproj", "{3380ED30-6AD8-4736-A507-0A584B80A24C}"
EndProject
Project("{FAE04EC0-301F-11D3-BF4B-00C04F79EFBC}") = "Tyuiu.VegerinaVV.Sprint0.Task7.V0.Test", "Tyuiu.VegerinaVV.Sprint0.Task7.V0.Test\Tyuiu.VegerinaVV.Sprint0.Task7.V0.Test.csproj", "{674BC2F1-8F7E-4D8C-A642-4A7EBCD101B3}"
EndProject
Global
	GlobalSection(SolutionConfigurationPlatforms) = preSolution
		Debug|Any CPU = Debug|Any CPU
		Release|Any CPU = Release|Any CPU
	EndGlobalSection
	GlobalSection(ProjectConfigurationPlatforms) = postSolution
		{04460E59-A0E2-4A09-B932-D74A0170423B}.Debug|Any CPU.ActiveCfg = Debug|Any CPU
		{04460E59-A0E2-4A09-B932-D74A0170423B}.Debug|Any CPU.Build.0 = Debug|Any CPU
		{04460E59-A0E2-4A09-B932-D74A0170423B}.Release|Any CPU.ActiveCfg = Release|Any CPU
		{04460E59-A0E2-4A09-B932-D74A0170423B}.Release|Any CPU.Build.0 = Release|Any CPU
		{1CE011ED-5D45-499D-A840-11257CCF8307}.Debug|Any CPU.ActiveCfg = Debug|Any CPU
		{1CE011ED-5D45-499D-A840-11257CCF8307}.Debug|Any CPU.Build.0 = Debug|Any CPU
		{1CE011ED-5D45-499D-A840-11257CCF8307}.Release|Any CPU.ActiveCfg = Release|Any CPU
		{1CE011ED-5D45-499D-A840-11257CCF8307}.Release|Any CPU.Build.0 = Release|Any CPU
		{720DCFEA-84C1-4E23-98D8-36459089F48E}.Debug|Any CPU.ActiveCfg = Debug|Any CPU
		{720DCFEA-84C1-4E23-98D8-36459089F48E}.Debug|Any CPU.Build.0 = Debug|Any CPU
		{720DCFEA-84C1-4E23-98D8-36459089F48E}.Release|Any CPU.ActiveCfg = Release|Any CPU
		{720DCFEA-84C1-4E23-98D8-36459089F48E}.Release|Any CPU.Build.0 = Release|Any CPU
		{1D01F2C0-C94A-4DFA-823B-7CE910A94DBE}.Debug|Any CPU.ActiveCfg = Debug|Any CPU
		{1D01F2C0-C94A-4DFA-823B-7CE910A94DBE}.Debug|Any CPU.Build.0 = Debug|Any CPU
		{1D01F2C0-C94A-4DFA-823B-7CE910A94DBE}.Release|Any CPU.ActiveCfg = Release|Any CPU
		{1D01F2C0-C94A-4DFA-823B-7CE910A94DBE}.Release|Any CPU.Build.0 = Release|Any CPU
		{7DB2DC34-DFBA-4BF0-A972-C28D81F55F9B}.Debug|Any CPU.ActiveCfg = Debug|Any CPU
		{7DB2DC34-DFBA-4BF0-A972-C28D81F55F9B}.Debug|Any CPU.Build.0 = Debug|Any CPU
		{7DB2DC34-DFBA-4BF0-A972-C28D81F55F9B}.Release|Any CPU.ActiveCfg = Release|Any CPU
		{7DB2DC34-DFBA-4BF0-A972-C28D81F55F9B}.Release|Any CPU.Build.0 = Release|Any CPU
		{2B463A9A-DC72-46F1-A2D6-2801F1A3FA1F}.Debug|Any CPU.ActiveCfg = Debug|Any CPU
		{2B463A9A-DC72-46F1-A2D6-2801F1A3FA1F}.Debug|Any CPU.Build.0 = Debug|Any CPU
		{2B463A9A-DC72-46F1-A2D6-2801F1A3FA1F}.Release|Any CPU.ActiveCfg = Release|Any CPU
		{2B463A9A-DC72-46F1-A2D6-2801F1A3FA1F}.Release|Any CPU.Build.0 = Release|Any CPU
		{ECCB03B5-42FF-472F-B4DC-D23418125030}.Debug|Any CPU.ActiveCfg = Debug|Any CPU
		{ECCB03B5-42FF-472F-B4DC-D23418125030}.Debug|Any CPU.Build.0 = Debug|Any CPU
		{ECCB03B5-42FF-472F-B4DC-D23418125030}.Release|Any CPU.ActiveCfg = Release|Any CPU
		{ECCB03B5-42FF-472F-B4DC-D23418125030}.Release|Any CPU.Build.0 = Release|Any CPU
		{973703E8-6E76-4DA6-8EB1-8713D7A442A7}.Debug|Any CPU.ActiveCfg = Debug|Any CPU
		{973703E8-6E76-4DA6-8EB1-8713D7A442A7}.Debug|Any CPU.Build.0 = Debug|Any CPU
		{973703E8-6E76-4DA6-8EB1-8713D7A442A7}.Release|Any CPU.ActiveCfg = Release|Any CPU
		{973703E8-6E76-4DA6-8EB1-8713D7A442A7}.Release|Any CPU.Build.0 = Release|Any CPU
		{61D75C3A-854C-4C71-BC3C-5DDFA03E7D2F}.Debug|Any CPU.ActiveCfg = Debug|Any CPU
		{61D75C3A-854C-4C71-BC3C-5DDFA03E7D2F}.Debug|Any CPU.Build.0 = Debug|Any CPU
		{61D75C3A-854C-4C71-BC3C-5DDFA03E7D2F}.Release|Any CPU.ActiveCfg = Release|Any CPU
		{61D75C3A-854C-4C71-BC3C-5DDFA03E7D2F}.Release|Any CPU.Build.0 = Release|Any CPU
		{F6CBB54D-B94D-409E-91FB-800681B68444}.Debug|Any CPU.ActiveCfg = Debug|Any CPU
		{F6CBB54D-B94D-409E-91FB-800681B68444}.Debug|Any CPU.Build.0 = Debug|Any CPU
		{F6CBB54D-B94D-409E-91FB-800681B68444}.Release|Any CPU.ActiveCfg = Release|Any CPU
		{F6CBB54D-B94D-409E-91FB-800681B68444}.Release|Any CPU.Build.0 = Release|Any CPU
		{04BA3214-E635-46C3-96AD-8EA0E492BB71}.Debug|Any CPU.ActiveCfg = Debug|Any CPU
		{04BA3214-E635-46C3-96AD-8EA0E492BB71}.Debug|Any CPU.Build.0 = Debug|Any CPU
		{04BA3214-E635-46C3-96AD-8EA0E492BB71}.Release|Any CPU.ActiveCfg = Release|Any CPU
		{04BA3214-E635-46C3-96AD-8EA0E492BB71}.Release|Any CPU.Build.0 = Release|Any CPU
		{725103F0-DE5D-425D-827D-6D5CC1841D63}.Debug|Any CPU.ActiveCfg = Debug|Any CPU
		{725103F0-DE5D-425D-827D-6D5CC1841D63}.Debug|Any CPU.Build.0 = Debug|Any CPU
		{725103F0-DE5D-425D-827D-6D5CC1841D63}.Release|Any CPU.ActiveCfg = Release|Any CPU
		{725103F0-DE5D-425D-827D-6D5CC1841D63}.Release|Any CPU.Build.0 = Release|Any CPU
		{3E76C337-9532-48C9-B2A4-E99AA2E68F5E}.Debug|Any CPU.ActiveCfg = Debug|Any CPU
		{3E76C337-9532-48C9-B2A4-E99AA2E68F5E}.Debug|Any CPU.Build.0 = Debug|Any CPU
		{3E76C337-9532-48C9-B2A4-E99AA2E68F5E}.Release|Any CPU.ActiveCfg = Release|Any CPU
		{3E76C337-9532-48C9-B2A4-E99AA2E68F5E}.Release|Any CPU.Build.0 = Release|Any CPU
		{E107FAC8-6FB5-441B-8461-110267CFFF43}.Debug|Any CPU.ActiveCfg = Debug|Any CPU
		{E107FAC8-6FB5-441B-8461-110267CFFF43}.Debug|Any CPU.Build.0 = Debug|Any CPU
		{E107FAC8-6FB5-441B-8461-110267CFFF43}.Release|Any CPU.ActiveCfg = Release|Any CPU
		{E107FAC8-6FB5-441B-8461-110267CFFF43}.Release|Any CPU.Build.0 = Release|Any CPU
		{61726929-619C-49E6-9BD9-28B301C73BA3}.Debug|Any CPU.ActiveCfg = Debug|Any CPU
		{61726929-619C-49E6-9BD9-28B301C73BA3}.Debug|Any CPU.Build.0 = Debug|Any CPU
		{61726929-619C-49E6-9BD9-28B301C73BA3}.Release|Any CPU.ActiveCfg = Release|Any CPU
		{61726929-619C-49E6-9BD9-28B301C73BA3}.Release|Any CPU.Build.0 = Release|Any CPU
		{0B322AA5-40E9-4FF2-B2B8-C075C0A736CF}.Debug|Any CPU.ActiveCfg = Debug|Any CPU
		{0B322AA5-40E9-4FF2-B2B8-C075C0A736CF}.Debug|Any CPU.Build.0 = Debug|Any CPU
		{0B322AA5-40E9-4FF2-B2B8-C075C0A736CF}.Release|Any CPU.ActiveCfg = Release|Any CPU
		{0B322AA5-40E9-4FF2-B2B8-C075C0A736CF}.Release|Any CPU.Build.0 = Release|Any CPU
		{78CCA8D9-70FF-49CF-AA30-6580C9CA12D2}.Debug|Any CPU.ActiveCfg = Debug|Any CPU
		{78CCA8D9-70FF-49CF-AA30-6580C9CA12D2}.Debug|Any CPU.Build.0 = Debug|Any CPU
		{78CCA8D9-70FF-49CF-AA30-6580C9CA12D2}.Release|Any CPU.ActiveCfg = Release|Any CPU
		{78CCA8D9-70FF-49CF-AA30-6580C9CA12D2}.Release|Any CPU.Build.0 = Release|Any CPU
		{C2B867E6-5E47-4FD8-B134-AF4D97461CB3}.Debug|Any CPU.ActiveCfg = Debug|Any CPU
		{C2B867E6-5E47-4FD8-B134-AF4D97461CB3}.Debug|Any CPU.Build.0 = Debug|Any CPU
		{C2B867E6-5E47-4FD8-B134-AF4D97461CB3}.Release|Any CPU.ActiveCfg = Release|Any CPU
		{C2B867E6-5E47-4FD8-B134-AF4D97461CB3}.Release|Any CPU.Build.0 = Release|Any CPU
		{3380ED30-6AD8-4736-A507-0A584B80A24C}.Debug|Any CPU.ActiveCfg = Debug|Any CPU
		{3380ED30-6AD8-4736-A507-0A584B80A24C}.Debug|Any CPU.Build.0 = Debug|Any CPU
		{3380ED30-6AD8-4736-A507-0A584B80A24C}.Release|Any CPU.ActiveCfg = Release|Any CPU
		{3380ED30-6AD8-4736-A507-0A584B80A24C}.Release|Any CPU.Build.0 = Release|Any CPU
		{674BC2F1-8F7E-4D8C-A642-4A7EBCD101B3}.Debug|Any CPU.ActiveCfg = Debug|Any CPU
		{674BC2F1-8F7E-4D8C-A642-4A7EBCD101B3}.Debug|Any CPU.Build.0 = Debug|Any CPU
		{674BC2F1-8F7E-4D8C-A642-4A7EBCD101B3}.Release|Any CPU.ActiveCfg = Release|Any CPU
		{674BC2F1-8F7E-4D8C-A642-4A7EBCD101B3}.Release|Any CPU.Build.0 = Release|Any CPU
	EndGlobalSection
	GlobalSection(SolutionProperties) = preSolution
		HideSolutionNode = FALSE
	EndGlobalSection
	GlobalSection(NestedProjects) = preSolution
		{04460E59-A0E2-4A09-B932-D74A0170423B} = {02EA681E-C7D8-13C7-8484-4AC65E1B71E8}
		{1CE011ED-5D45-499D-A840-11257CCF8307} = {C5640AA1-D49F-4BBC-9EAA-2FAA3F7455C8}
		{720DCFEA-84C1-4E23-98D8-36459089F48E} = {9B06E08F-426C-44D5-A261-D328F849255A}
		{1D01F2C0-C94A-4DFA-823B-7CE910A94DBE} = {9B06E08F-426C-44D5-A261-D328F849255A}
		{7DB2DC34-DFBA-4BF0-A972-C28D81F55F9B} = {9B06E08F-426C-44D5-A261-D328F849255A}
		{2B463A9A-DC72-46F1-A2D6-2801F1A3FA1F} = {2ECD2B5A-0603-40D3-B96E-D8EE93105689}
		{ECCB03B5-42FF-472F-B4DC-D23418125030} = {2ECD2B5A-0603-40D3-B96E-D8EE93105689}
		{973703E8-6E76-4DA6-8EB1-8713D7A442A7} = {2ECD2B5A-0603-40D3-B96E-D8EE93105689}
		{61D75C3A-854C-4C71-BC3C-5DDFA03E7D2F} = {FE317CFA-1268-4091-853B-D6DCA618100D}
		{F6CBB54D-B94D-409E-91FB-800681B68444} = {FE317CFA-1268-4091-853B-D6DCA618100D}
		{04BA3214-E635-46C3-96AD-8EA0E492BB71} = {FE317CFA-1268-4091-853B-D6DCA618100D}
		{725103F0-DE5D-425D-827D-6D5CC1841D63} = {9733F7DD-55DA-41B0-8DC5-17B208FCC07B}
		{3E76C337-9532-48C9-B2A4-E99AA2E68F5E} = {9733F7DD-55DA-41B0-8DC5-17B208FCC07B}
		{E107FAC8-6FB5-441B-8461-110267CFFF43} = {9733F7DD-55DA-41B0-8DC5-17B208FCC07B}
		{61726929-619C-49E6-9BD9-28B301C73BA3} = {53420482-BC91-4593-9506-2980D34CEC71}
		{0B322AA5-40E9-4FF2-B2B8-C075C0A736CF} = {53420482-BC91-4593-9506-2980D34CEC71}
		{78CCA8D9-70FF-49CF-AA30-6580C9CA12D2} = {53420482-BC91-4593-9506-2980D34CEC71}
		{C2B867E6-5E47-4FD8-B134-AF4D97461CB3} = {0C16B787-544A-4020-B129-421C8A3E5D71}
		{3380ED30-6AD8-4736-A507-0A584B80A24C} = {0C16B787-544A-4020-B129-421C8A3E5D71}
		{674BC2F1-8F7E-4D8C-A642-4A7EBCD101B3} = {0C16B787-544A-4020-B129-421C8A3E5D71}
	EndGlobalSection
	GlobalSection(ExtensibilityGlobals) = postSolution
		SolutionGuid = {8CB7588B-23CD-419D-8F98-0EBA76EB60EC}
	EndGlobalSection
EndGlobal
